
Microsoft Visual Studio Solution File, Format Version 12.00
# Visual Studio Version 17
VisualStudioVersion = 17.11.35327.3
MinimumVisualStudioVersion = 10.0.40219.1
Project("{FAE04EC0-301F-11D3-BF4B-00C04F79EFBC}") = "Teamwork", "Teamwork\Teamwork.csproj", "{2F0C988C-4B49-4DBA-AD78-1A9275638F11}"
EndProject
Global
	GlobalSection(SolutionConfigurationPlatforms) = preSolution
		Debug|Any CPU = Debug|Any CPU
		Release|Any CPU = Release|Any CPU
	EndGlobalSection
	GlobalSection(ProjectConfigurationPlatforms) = postSolution
		{2F0C988C-4B49-4DBA-AD78-1A9275638F11}.Debug|Any CPU.ActiveCfg = Debug|Any CPU
		{2F0C988C-4B49-4DBA-AD78-1A9275638F11}.Debug|Any CPU.Build.0 = Debug|Any CPU
		{2F0C988C-4B49-4DBA-AD78-1A9275638F11}.Release|Any CPU.ActiveCfg = Release|Any CPU
		{2F0C988C-4B49-4DBA-AD78-1A9275638F11}.Release|Any CPU.Build.0 = Release|Any CPU
	EndGlobalSection
	GlobalSection(SolutionProperties) = preSolution
		HideSolutionNode = FALSE
	EndGlobalSection
	GlobalSection(ExtensibilityGlobals) = postSolution
		SolutionGuid = {00E1C983-6645-4D82-8F58-B8D1498CD3EF}
	EndGlobalSection
EndGlobal
